
Microsoft Visual Studio Solution File, Format Version 12.00
# Visual Studio Version 16
VisualStudioVersion = 16.0.31129.286
MinimumVisualStudioVersion = 10.0.40219.1
Project("{FAE04EC0-301F-11D3-BF4B-00C04F79EFBC}") = "LSEngine", "LSEngine\LSEngine.csproj", "{69A81F6B-8C8E-4DBA-8078-3F09B0675ECD}"
EndProject
Global
	GlobalSection(SolutionConfigurationPlatforms) = preSolution
		Debug|Any CPU = Debug|Any CPU
		Release|Any CPU = Release|Any CPU
	EndGlobalSection
	GlobalSection(ProjectConfigurationPlatforms) = postSolution
		{69A81F6B-8C8E-4DBA-8078-3F09B0675ECD}.Debug|Any CPU.ActiveCfg = Debug|Any CPU
		{69A81F6B-8C8E-4DBA-8078-3F09B0675ECD}.Debug|Any CPU.Build.0 = Debug|Any CPU
		{69A81F6B-8C8E-4DBA-8078-3F09B0675ECD}.Release|Any CPU.ActiveCfg = Release|Any CPU
		{69A81F6B-8C8E-4DBA-8078-3F09B0675ECD}.Release|Any CPU.Build.0 = Release|Any CPU
	EndGlobalSection
	GlobalSection(SolutionProperties) = preSolution
		HideSolutionNode = FALSE
	EndGlobalSection
	GlobalSection(ExtensibilityGlobals) = postSolution
		SolutionGuid = {E7D21020-85CB-4233-ACA8-E59ECF4A30AB}
	EndGlobalSection
EndGlobal
